
Microsoft Visual Studio Solution File, Format Version 12.00
# Visual Studio Version 17
VisualStudioVersion = 17.7.34024.191
MinimumVisualStudioVersion = 10.0.40219.1
Project("{FAE04EC0-301F-11D3-BF4B-00C04F79EFBC}") = "Exercises", "Exercises\Exercises.csproj", "{B6C6DD9F-159F-4DAB-84EF-7D92A23E0F3B}"
EndProject
Global
	GlobalSection(SolutionConfigurationPlatforms) = preSolution
		Debug|Any CPU = Debug|Any CPU
		Release|Any CPU = Release|Any CPU
	EndGlobalSection
	GlobalSection(ProjectConfigurationPlatforms) = postSolution
		{B6C6DD9F-159F-4DAB-84EF-7D92A23E0F3B}.Debug|Any CPU.ActiveCfg = Debug|Any CPU
		{B6C6DD9F-159F-4DAB-84EF-7D92A23E0F3B}.Debug|Any CPU.Build.0 = Debug|Any CPU
		{B6C6DD9F-159F-4DAB-84EF-7D92A23E0F3B}.Release|Any CPU.ActiveCfg = Release|Any CPU
		{B6C6DD9F-159F-4DAB-84EF-7D92A23E0F3B}.Release|Any CPU.Build.0 = Release|Any CPU
	EndGlobalSection
	GlobalSection(SolutionProperties) = preSolution
		HideSolutionNode = FALSE
	EndGlobalSection
	GlobalSection(ExtensibilityGlobals) = postSolution
		SolutionGuid = {0D9A3B81-4557-4237-8EA5-12C7AE5278AB}
	EndGlobalSection
EndGlobal
